// !$*UTF8*$!
{
	archiveVersion = 1;
	classes = {
	};
	objectVersion = 56;
	objects = {

/* Begin PBXBuildFile section */
		3B94AA82297D4F8A0058907C /* AppDelegate.swift in Sources */ = {isa = PBXBuildFile; fileRef = 3B94AA81297D4F8A0058907C /* AppDelegate.swift */; };
		3B94AA84297D4F8A0058907C /* SceneDelegate.swift in Sources */ = {isa = PBXBuildFile; fileRef = 3B94AA83297D4F8A0058907C /* SceneDelegate.swift */; };
		3B94AA86297D4F8A0058907C /* ViewController.swift in Sources */ = {isa = PBXBuildFile; fileRef = 3B94AA85297D4F8A0058907C /* ViewController.swift */; };
		3B94AA8B297D4F8C0058907C /* Assets.xcassets in Resources */ = {isa = PBXBuildFile; fileRef = 3B94AA8A297D4F8C0058907C /* Assets.xcassets */; };
		3B94AA8E297D4F8C0058907C /* LaunchScreen.storyboard in Resources */ = {isa = PBXBuildFile; fileRef = 3B94AA8C297D4F8C0058907C /* LaunchScreen.storyboard */; };
		3B94AA9E297D54D00058907C /* BlockView.swift in Sources */ = {isa = PBXBuildFile; fileRef = 3B94AA9D297D54D00058907C /* BlockView.swift */; };
/* End PBXBuildFile section */

/* Begin PBXFileReference section */
		3B94AA7E297D4F8A0058907C /* collection-view-with-swiftui.app */ = {isa = PBXFileReference; explicitFileType = wrapper.application; includeInIndex = 0; path = "collection-view-with-swiftui.app"; sourceTree = BUILT_PRODUCTS_DIR; };
		3B94AA81297D4F8A0058907C /* AppDelegate.swift */ = {isa = PBXFileReference; lastKnownFileType = sourcecode.swift; path = AppDelegate.swift; sourceTree = "<group>"; };
		3B94AA83297D4F8A0058907C /* SceneDelegate.swift */ = {isa = PBXFileReference; lastKnownFileType = sourcecode.swift; path = SceneDelegate.swift; sourceTree = "<group>"; };
		3B94AA85297D4F8A0058907C /* ViewController.swift */ = {isa = PBXFileReference; lastKnownFileType = sourcecode.swift; path = ViewController.swift; sourceTree = "<group>"; };
		3B94AA8A297D4F8C0058907C /* Assets.xcassets */ = {isa = PBXFileReference; lastKnownFileType = folder.assetcatalog; path = Assets.xcassets; sourceTree = "<group>"; };
		3B94AA8D297D4F8C0058907C /* Base */ = {isa = PBXFileReference; lastKnownFileType = file.storyboard; name = Base; path = Base.lproj/LaunchScreen.storyboard; sourceTree = "<group>"; };
		3B94AA8F297D4F8C0058907C /* Info.plist */ = {isa = PBXFileReference; lastKnownFileType = text.plist.xml; path = Info.plist; sourceTree = "<group>"; };
		3B94AA9D297D54D00058907C /* BlockView.swift */ = {isa = PBXFileReference; lastKnownFileType = sourcecode.swift; path = BlockView.swift; sourceTree = "<group>"; };
/* End PBXFileReference section */

/* Begin PBXFrameworksBuildPhase section */
		3B94AA7B297D4F8A0058907C /* Frameworks */ = {
			isa = PBXFrameworksBuildPhase;
			buildActionMask = 2147483647;
			files = (
			);
			runOnlyForDeploymentPostprocessing = 0;
		};
/* End PBXFrameworksBuildPhase section */

/* Begin PBXGroup section */
		3B94AA75297D4F8A0058907C = {
			isa = PBXGroup;
			children = (
				3B94AA80297D4F8A0058907C /* collection-view-with-swiftui */,
				3B94AA7F297D4F8A0058907C /* Products */,
			);
			sourceTree = "<group>";
		};
		3B94AA7F297D4F8A0058907C /* Products */ = {
			isa = PBXGroup;
			children = (
				3B94AA7E297D4F8A0058907C /* collection-view-with-swiftui.app */,
			);
			name = Products;
			sourceTree = "<group>";
		};
		3B94AA80297D4F8A0058907C /* collection-view-with-swiftui */ = {
			isa = PBXGroup;
			children = (
				3B94AA9A297D54570058907C /* SwiftUI Views */,
				3B94AA81297D4F8A0058907C /* AppDelegate.swift */,
				3B94AA83297D4F8A0058907C /* SceneDelegate.swift */,
				3B94AA85297D4F8A0058907C /* ViewController.swift */,
				3B94AA8A297D4F8C0058907C /* Assets.xcassets */,
				3B94AA8C297D4F8C0058907C /* LaunchScreen.storyboard */,
				3B94AA8F297D4F8C0058907C /* Info.plist */,
			);
			path = "collection-view-with-swiftui";
			sourceTree = "<group>";
		};
		3B94AA9A297D54570058907C /* SwiftUI Views */ = {
			isa = PBXGroup;
			children = (
				3B94AA9D297D54D00058907C /* BlockView.swift */,
			);
			path = "SwiftUI Views";
			sourceTree = "<group>";
		};
/* End PBXGroup section */

/* Begin PBXNativeTarget section */
		3B94AA7D297D4F8A0058907C /* collection-view-with-swiftui */ = {
			isa = PBXNativeTarget;
			buildConfigurationList = 3B94AA92297D4F8C0058907C /* Build configuration list for PBXNativeTarget "collection-view-with-swiftui" */;
			buildPhases = (
				3B94AA7A297D4F8A0058907C /* Sources */,
				3B94AA7B297D4F8A0058907C /* Frameworks */,
				3B94AA7C297D4F8A0058907C /* Resources */,
			);
			buildRules = (
			);
			dependencies = (
			);
			name = "collection-view-with-swiftui";
			productName = "collection-view-with-swiftui";
			productReference = 3B94AA7E297D4F8A0058907C /* collection-view-with-swiftui.app */;
			productType = "com.apple.product-type.application";
		};
/* End PBXNativeTarget section */

/* Begin PBXProject section */
		3B94AA76297D4F8A0058907C /* Project object */ = {
			isa = PBXProject;
			attributes = {
				BuildIndependentTargetsInParallel = 1;
				LastSwiftUpdateCheck = 1420;
				LastUpgradeCheck = 1420;
				TargetAttributes = {
					3B94AA7D297D4F8A0058907C = {
						CreatedOnToolsVersion = 14.2;
					};
				};
			};
			buildConfigurationList = 3B94AA79297D4F8A0058907C /* Build configuration list for PBXProject "collection-view-with-swiftui" */;
			compatibilityVersion = "Xcode 14.0";
			developmentRegion = en;
			hasScannedForEncodings = 0;
			knownRegions = (
				en,
				Base,
			);
			mainGroup = 3B94AA75297D4F8A0058907C;
			productRefGroup = 3B94AA7F297D4F8A0058907C /* Products */;
			projectDirPath = "";
			projectRoot = "";
			targets = (
				3B94AA7D297D4F8A0058907C /* collection-view-with-swiftui */,
			);
		};
/* End PBXProject section */

/* Begin PBXResourcesBuildPhase section */
		3B94AA7C297D4F8A0058907C /* Resources */ = {
			isa = PBXResourcesBuildPhase;
			buildActionMask = 2147483647;
			files = (
				3B94AA8E297D4F8C0058907C /* LaunchScreen.storyboard in Resources */,
				3B94AA8B297D4F8C0058907C /* Assets.xcassets in Resources */,
			);
			runOnlyForDeploymentPostprocessing = 0;
		};
/* End PBXResourcesBuildPhase section */

/* Begin PBXSourcesBuildPhase section */
		3B94AA7A297D4F8A0058907C /* Sources */ = {
			isa = PBXSourcesBuildPhase;
			buildActionMask = 2147483647;
			files = (
				3B94AA86297D4F8A0058907C /* ViewController.swift in Sources */,
				3B94AA82297D4F8A0058907C /* AppDelegate.swift in Sources */,
				3B94AA9E297D54D00058907C /* BlockView.swift in Sources */,
				3B94AA84297D4F8A0058907C /* SceneDelegate.swift in Sources */,
			);
			runOnlyForDeploymentPostprocessing = 0;
		};
/* End PBXSourcesBuildPhase section */

/* Begin PBXVariantGroup section */
		3B94AA8C297D4F8C0058907C /* LaunchScreen.storyboard */ = {
			isa = PBXVariantGroup;
			children = (
				3B94AA8D297D4F8C0058907C /* Base */,
			);
			name = LaunchScreen.storyboard;
			sourceTree = "<group>";
		};
/* End PBXVariantGroup section */

/* Begin XCBuildConfiguration section */
		3B94AA90297D4F8C0058907C /* Debug */ = {
			isa = XCBuildConfiguration;
			buildSettings = {
				ALWAYS_SEARCH_USER_PATHS = NO;
				CLANG_ANALYZER_NONNULL = YES;
				CLANG_ANALYZER_NUMBER_OBJECT_CONVERSION = YES_AGGRESSIVE;
				CLANG_CXX_LANGUAGE_STANDARD = "gnu++20";
				CLANG_ENABLE_MODULES = YES;
				CLANG_ENABLE_OBJC_ARC = YES;
				CLANG_ENABLE_OBJC_WEAK = YES;
				CLANG_WARN_BLOCK_CAPTURE_AUTORELEASING = YES;
				CLANG_WARN_BOOL_CONVERSION = YES;
				CLANG_WARN_COMMA = YES;
				CLANG_WARN_CONSTANT_CONVERSION = YES;
				CLANG_WARN_DEPRECATED_OBJC_IMPLEMENTATIONS = YES;
				CLANG_WARN_DIRECT_OBJC_ISA_USAGE = YES_ERROR;
				CLANG_WARN_DOCUMENTATION_COMMENTS = YES;
				CLANG_WARN_EMPTY_BODY = YES;
				CLANG_WARN_ENUM_CONVERSION = YES;
				CLANG_WARN_INFINITE_RECURSION = YES;
				CLANG_WARN_INT_CONVERSION = YES;
				CLANG_WARN_NON_LITERAL_NULL_CONVERSION = YES;
				CLANG_WARN_OBJC_IMPLICIT_RETAIN_SELF = YES;
				CLANG_WARN_OBJC_LITERAL_CONVERSION = YES;
				CLANG_WARN_OBJC_ROOT_CLASS = YES_ERROR;
				CLANG_WARN_QUOTED_INCLUDE_IN_FRAMEWORK_HEADER = YES;
				CLANG_WARN_RANGE_LOOP_ANALYSIS = YES;
				CLANG_WARN_STRICT_PROTOTYPES = YES;
				CLANG_WARN_SUSPICIOUS_MOVE = YES;
				CLANG_WARN_UNGUARDED_AVAILABILITY = YES_AGGRESSIVE;
				CLANG_WARN_UNREACHABLE_CODE = YES;
				CLANG_WARN__DUPLICATE_METHOD_MATCH = YES;
				COPY_PHASE_STRIP = NO;
				DEBUG_INFORMATION_FORMAT = dwarf;
				ENABLE_STRICT_OBJC_MSGSEND = YES;
				ENABLE_TESTABILITY = YES;
				GCC_C_LANGUAGE_STANDARD = gnu11;
				GCC_DYNAMIC_NO_PIC = NO;
				GCC_NO_COMMON_BLOCKS = YES;
				GCC_OPTIMIZATION_LEVEL = 0;
				GCC_PREPROCESSOR_DEFINITIONS = (
					"DEBUG=1",
					"$(inherited)",
				);
				GCC_WARN_64_TO_32_BIT_CONVERSION = YES;
				GCC_WARN_ABOUT_RETURN_TYPE = YES_ERROR;
				GCC_WARN_UNDECLARED_SELECTOR = YES;
				GCC_WARN_UNINITIALIZED_AUTOS = YES_AGGRESSIVE;
				GCC_WARN_UNUSED_FUNCTION = YES;
				GCC_WARN_UNUSED_VARIABLE = YES;
				IPHONEOS_DEPLOYMENT_TARGET = 16.2;
				MTL_ENABLE_DEBUG_INFO = INCLUDE_SOURCE;
				MTL_FAST_MATH = YES;
				ONLY_ACTIVE_ARCH = YES;
				SDKROOT = iphoneos;
				SWIFT_ACTIVE_COMPILATION_CONDITIONS = DEBUG;
				SWIFT_OPTIMIZATION_LEVEL = "-Onone";
			};
			name = Debug;
		};
		3B94AA91297D4F8C0058907C /* Release */ = {
			isa = XCBuildConfiguration;
			buildSettings = {
				ALWAYS_SEARCH_USER_PATHS = NO;
				CLANG_ANALYZER_NONNULL = YES;
				CLANG_ANALYZER_NUMBER_OBJECT_CONVERSION = YES_AGGRESSIVE;
				CLANG_CXX_LANGUAGE_STANDARD = "gnu++20";
				CLANG_ENABLE_MODULES = YES;
				CLANG_ENABLE_OBJC_ARC = YES;
				CLANG_ENABLE_OBJC_WEAK = YES;
				CLANG_WARN_BLOCK_CAPTURE_AUTORELEASING = YES;
				CLANG_WARN_BOOL_CONVERSION = YES;
				CLANG_WARN_COMMA = YES;
				CLANG_WARN_CONSTANT_CONVERSION = YES;
				CLANG_WARN_DEPRECATED_OBJC_IMPLEMENTATIONS = YES;
				CLANG_WARN_DIRECT_OBJC_ISA_USAGE = YES_ERROR;
				CLANG_WARN_DOCUMENTATION_COMMENTS = YES;
				CLANG_WARN_EMPTY_BODY = YES;
				CLANG_WARN_ENUM_CONVERSION = YES;
				CLANG_WARN_INFINITE_RECURSION = YES;
				CLANG_WARN_INT_CONVERSION = YES;
				CLANG_WARN_NON_LITERAL_NULL_CONVERSION = YES;
				CLANG_WARN_OBJC_IMPLICIT_RETAIN_SELF = YES;
				CLANG_WARN_OBJC_LITERAL_CONVERSION = YES;
				CLANG_WARN_OBJC_ROOT_CLASS = YES_ERROR;
				CLANG_WARN_QUOTED_INCLUDE_IN_FRAMEWORK_HEADER = YES;
				CLANG_WARN_RANGE_LOOP_ANALYSIS = YES;
				CLANG_WARN_STRICT_PROTOTYPES = YES;
				CLANG_WARN_SUSPICIOUS_MOVE = YES;
				CLANG_WARN_UNGUARDED_AVAILABILITY = YES_AGGRESSIVE;
				CLANG_WARN_UNREACHABLE_CODE = YES;
				CLANG_WARN__DUPLICATE_METHOD_MATCH = YES;
				COPY_PHASE_STRIP = NO;
				DEBUG_INFORMATION_FORMAT = "dwarf-with-dsym";
				ENABLE_NS_ASSERTIONS = NO;
				ENABLE_STRICT_OBJC_MSGSEND = YES;
				GCC_C_LANGUAGE_STANDARD = gnu11;
				GCC_NO_COMMON_BLOCKS = YES;
				GCC_WARN_64_TO_32_BIT_CONVERSION = YES;
				GCC_WARN_ABOUT_RETURN_TYPE = YES_ERROR;
				GCC_WARN_UNDECLARED_SELECTOR = YES;
				GCC_WARN_UNINITIALIZED_AUTOS = YES_AGGRESSIVE;
				GCC_WARN_UNUSED_FUNCTION = YES;
				GCC_WARN_UNUSED_VARIABLE = YES;
				IPHONEOS_DEPLOYMENT_TARGET = 16.2;
				MTL_ENABLE_DEBUG_INFO = NO;
				MTL_FAST_MATH = YES;
				SDKROOT = iphoneos;
				SWIFT_COMPILATION_MODE = wholemodule;
				SWIFT_OPTIMIZATION_LEVEL = "-O";
				VALIDATE_PRODUCT = YES;
			};
			name = Release;
		};
		3B94AA93297D4F8C0058907C /* Debug */ = {
			isa = XCBuildConfiguration;
			buildSettings = {
				ASSETCATALOG_COMPILER_APPICON_NAME = AppIcon;
				ASSETCATALOG_COMPILER_GLOBAL_ACCENT_COLOR_NAME = AccentColor;
				CODE_SIGN_STYLE = Automatic;
				CURRENT_PROJECT_VERSION = 1;
				GENERATE_INFOPLIST_FILE = YES;
				INFOPLIST_FILE = "collection-view-with-swiftui/Info.plist";
				INFOPLIST_KEY_UIApplicationSupportsIndirectInputEvents = YES;
				INFOPLIST_KEY_UILaunchStoryboardName = LaunchScreen;
				INFOPLIST_KEY_UISupportedInterfaceOrientations_iPad = "UIInterfaceOrientationPortrait UIInterfaceOrientationPortraitUpsideDown UIInterfaceOrientationLandscapeLeft UIInterfaceOrientationLandscapeRight";
				INFOPLIST_KEY_UISupportedInterfaceOrientations_iPhone = "UIInterfaceOrientationPortrait UIInterfaceOrientationLandscapeLeft UIInterfaceOrientationLandscapeRight";
				LD_RUNPATH_SEARCH_PATHS = (
					"$(inherited)",
					"@executable_path/Frameworks",
				);
				MARKETING_VERSION = 1.0;
				PRODUCT_BUNDLE_IDENTIFIER = "jujube0.collection-view-with-swiftui";
				PRODUCT_NAME = "$(TARGET_NAME)";
				SWIFT_EMIT_LOC_STRINGS = YES;
				SWIFT_VERSION = 5.0;
				TARGETED_DEVICE_FAMILY = "1,2";
			};
			name = Debug;
		};
		3B94AA94297D4F8C0058907C /* Release */ = {
			isa = XCBuildConfiguration;
			buildSettings = {
				ASSETCATALOG_COMPILER_APPICON_NAME = AppIcon;
				ASSETCATALOG_COMPILER_GLOBAL_ACCENT_COLOR_NAME = AccentColor;
				CODE_SIGN_STYLE = Automatic;
				CURRENT_PROJECT_VERSION = 1;
				GENERATE_INFOPLIST_FILE = YES;
				INFOPLIST_FILE = "collection-view-with-swiftui/Info.plist";
				INFOPLIST_KEY_UIApplicationSupportsIndirectInputEvents = YES;
				INFOPLIST_KEY_UILaunchStoryboardName = LaunchScreen;
				INFOPLIST_KEY_UISupportedInterfaceOrientations_iPad = "UIInterfaceOrientationPortrait UIInterfaceOrientationPortraitUpsideDown UIInterfaceOrientationLandscapeLeft UIInterfaceOrientationLandscapeRight";
				INFOPLIST_KEY_UISupportedInterfaceOrientations_iPhone = "UIInterfaceOrientationPortrait UIInterfaceOrientationLandscapeLeft UIInterfaceOrientationLandscapeRight";
				LD_RUNPATH_SEARCH_PATHS = (
					"$(inherited)",
					"@executable_path/Frameworks",
				);
				MARKETING_VERSION = 1.0;
				PRODUCT_BUNDLE_IDENTIFIER = "jujube0.collection-view-with-swiftui";
				PRODUCT_NAME = "$(TARGET_NAME)";
				SWIFT_EMIT_LOC_STRINGS = YES;
				SWIFT_VERSION = 5.0;
				TARGETED_DEVICE_FAMILY = "1,2";
			};
			name = Release;
		};
/* End XCBuildConfiguration section */

/* Begin XCConfigurationList section */
		3B94AA79297D4F8A0058907C /* Build configuration list for PBXProject "collection-view-with-swiftui" */ = {
			isa = XCConfigurationList;
			buildConfigurations = (
				3B94AA90297D4F8C0058907C /* Debug */,
				3B94AA91297D4F8C0058907C /* Release */,
			);
			defaultConfigurationIsVisible = 0;
			defaultConfigurationName = Release;
		};
		3B94AA92297D4F8C0058907C /* Build configuration list for PBXNativeTarget "collection-view-with-swiftui" */ = {
			isa = XCConfigurationList;
			buildConfigurations = (
				3B94AA93297D4F8C0058907C /* Debug */,
				3B94AA94297D4F8C0058907C /* Release */,
			);
			defaultConfigurationIsVisible = 0;
			defaultConfigurationName = Release;
		};
/* End XCConfigurationList section */
	};
	rootObject = 3B94AA76297D4F8A0058907C /* Project object */;
}
